
Microsoft Visual Studio Solution File, Format Version 12.00
# Visual Studio Version 16
VisualStudioVersion = 16.0.31515.178
MinimumVisualStudioVersion = 10.0.40219.1
Project("{FAE04EC0-301F-11D3-BF4B-00C04F79EFBC}") = "CategoriasProductos", "CategoriasProductos\CategoriasProductos.csproj", "{E785EECD-CA57-4DD6-BBA9-4B5F04D81F33}"
EndProject
Global
	GlobalSection(SolutionConfigurationPlatforms) = preSolution
		Debug|Any CPU = Debug|Any CPU
		Release|Any CPU = Release|Any CPU
	EndGlobalSection
	GlobalSection(ProjectConfigurationPlatforms) = postSolution
		{E785EECD-CA57-4DD6-BBA9-4B5F04D81F33}.Debug|Any CPU.ActiveCfg = Debug|Any CPU
		{E785EECD-CA57-4DD6-BBA9-4B5F04D81F33}.Debug|Any CPU.Build.0 = Debug|Any CPU
		{E785EECD-CA57-4DD6-BBA9-4B5F04D81F33}.Release|Any CPU.ActiveCfg = Release|Any CPU
		{E785EECD-CA57-4DD6-BBA9-4B5F04D81F33}.Release|Any CPU.Build.0 = Release|Any CPU
	EndGlobalSection
	GlobalSection(SolutionProperties) = preSolution
		HideSolutionNode = FALSE
	EndGlobalSection
	GlobalSection(ExtensibilityGlobals) = postSolution
		SolutionGuid = {6CA8428F-D092-4F5D-9DB0-6633F1D54C0B}
	EndGlobalSection
EndGlobal
